// !$*UTF8*$!
{
	archiveVersion = 1;
	classes = {
	};
	objectVersion = 55;
	objects = {

/* Begin PBXBuildFile section */
		47CC355D278D181C004DB861 /* UI_417App.swift in Sources */ = {isa = PBXBuildFile; fileRef = 47CC355C278D181C004DB861 /* UI_417App.swift */; };
		47CC355F278D181C004DB861 /* ContentView.swift in Sources */ = {isa = PBXBuildFile; fileRef = 47CC355E278D181C004DB861 /* ContentView.swift */; };
		47CC3561278D181D004DB861 /* Assets.xcassets in Resources */ = {isa = PBXBuildFile; fileRef = 47CC3560278D181D004DB861 /* Assets.xcassets */; };
		47CC3564278D181D004DB861 /* Preview Assets.xcassets in Resources */ = {isa = PBXBuildFile; fileRef = 47CC3563278D181D004DB861 /* Preview Assets.xcassets */; };
		47CC356E278D181D004DB861 /* UI_417Tests.swift in Sources */ = {isa = PBXBuildFile; fileRef = 47CC356D278D181D004DB861 /* UI_417Tests.swift */; };
		47CC3578278D181D004DB861 /* UI_417UITests.swift in Sources */ = {isa = PBXBuildFile; fileRef = 47CC3577278D181D004DB861 /* UI_417UITests.swift */; };
		47CC357A278D181D004DB861 /* UI_417UITestsLaunchTests.swift in Sources */ = {isa = PBXBuildFile; fileRef = 47CC3579278D181D004DB861 /* UI_417UITestsLaunchTests.swift */; };
		47CC358A278D1833004DB861 /* Task.swift in Sources */ = {isa = PBXBuildFile; fileRef = 47CC3589278D1833004DB861 /* Task.swift */; };
		47CC358C278D183B004DB861 /* TaskViewModel.swift in Sources */ = {isa = PBXBuildFile; fileRef = 47CC358B278D183B004DB861 /* TaskViewModel.swift */; };
		47CC358E278D1840004DB861 /* Home.swift in Sources */ = {isa = PBXBuildFile; fileRef = 47CC358D278D1840004DB861 /* Home.swift */; };
/* End PBXBuildFile section */

/* Begin PBXContainerItemProxy section */
		47CC356A278D181D004DB861 /* PBXContainerItemProxy */ = {
			isa = PBXContainerItemProxy;
			containerPortal = 47CC3551278D181C004DB861 /* Project object */;
			proxyType = 1;
			remoteGlobalIDString = 47CC3558278D181C004DB861;
			remoteInfo = "UI-417";
		};
		47CC3574278D181D004DB861 /* PBXContainerItemProxy */ = {
			isa = PBXContainerItemProxy;
			containerPortal = 47CC3551278D181C004DB861 /* Project object */;
			proxyType = 1;
			remoteGlobalIDString = 47CC3558278D181C004DB861;
			remoteInfo = "UI-417";
		};
/* End PBXContainerItemProxy section */

/* Begin PBXFileReference section */
		47CC3559278D181C004DB861 /* UI-417.app */ = {isa = PBXFileReference; explicitFileType = wrapper.application; includeInIndex = 0; path = "UI-417.app"; sourceTree = BUILT_PRODUCTS_DIR; };
		47CC355C278D181C004DB861 /* UI_417App.swift */ = {isa = PBXFileReference; lastKnownFileType = sourcecode.swift; path = UI_417App.swift; sourceTree = "<group>"; };
		47CC355E278D181C004DB861 /* ContentView.swift */ = {isa = PBXFileReference; lastKnownFileType = sourcecode.swift; path = ContentView.swift; sourceTree = "<group>"; };
		47CC3560278D181D004DB861 /* Assets.xcassets */ = {isa = PBXFileReference; lastKnownFileType = folder.assetcatalog; path = Assets.xcassets; sourceTree = "<group>"; };
		47CC3563278D181D004DB861 /* Preview Assets.xcassets */ = {isa = PBXFileReference; lastKnownFileType = folder.assetcatalog; path = "Preview Assets.xcassets"; sourceTree = "<group>"; };
		47CC3569278D181D004DB861 /* UI-417Tests.xctest */ = {isa = PBXFileReference; explicitFileType = wrapper.cfbundle; includeInIndex = 0; path = "UI-417Tests.xctest"; sourceTree = BUILT_PRODUCTS_DIR; };
		47CC356D278D181D004DB861 /* UI_417Tests.swift */ = {isa = PBXFileReference; lastKnownFileType = sourcecode.swift; path = UI_417Tests.swift; sourceTree = "<group>"; };
		47CC3573278D181D004DB861 /* UI-417UITests.xctest */ = {isa = PBXFileReference; explicitFileType = wrapper.cfbundle; includeInIndex = 0; path = "UI-417UITests.xctest"; sourceTree = BUILT_PRODUCTS_DIR; };
		47CC3577278D181D004DB861 /* UI_417UITests.swift */ = {isa = PBXFileReference; lastKnownFileType = sourcecode.swift; path = UI_417UITests.swift; sourceTree = "<group>"; };
		47CC3579278D181D004DB861 /* UI_417UITestsLaunchTests.swift */ = {isa = PBXFileReference; lastKnownFileType = sourcecode.swift; path = UI_417UITestsLaunchTests.swift; sourceTree = "<group>"; };
		47CC3589278D1833004DB861 /* Task.swift */ = {isa = PBXFileReference; lastKnownFileType = sourcecode.swift; path = Task.swift; sourceTree = "<group>"; };
		47CC358B278D183B004DB861 /* TaskViewModel.swift */ = {isa = PBXFileReference; lastKnownFileType = sourcecode.swift; path = TaskViewModel.swift; sourceTree = "<group>"; };
		47CC358D278D1840004DB861 /* Home.swift */ = {isa = PBXFileReference; lastKnownFileType = sourcecode.swift; path = Home.swift; sourceTree = "<group>"; };
/* End PBXFileReference section */

/* Begin PBXFrameworksBuildPhase section */
		47CC3556278D181C004DB861 /* Frameworks */ = {
			isa = PBXFrameworksBuildPhase;
			buildActionMask = 2147483647;
			files = (
			);
			runOnlyForDeploymentPostprocessing = 0;
		};
		47CC3566278D181D004DB861 /* Frameworks */ = {
			isa = PBXFrameworksBuildPhase;
			buildActionMask = 2147483647;
			files = (
			);
			runOnlyForDeploymentPostprocessing = 0;
		};
		47CC3570278D181D004DB861 /* Frameworks */ = {
			isa = PBXFrameworksBuildPhase;
			buildActionMask = 2147483647;
			files = (
			);
			runOnlyForDeploymentPostprocessing = 0;
		};
/* End PBXFrameworksBuildPhase section */

/* Begin PBXGroup section */
		47CC3550278D181C004DB861 = {
			isa = PBXGroup;
			children = (
				47CC355B278D181C004DB861 /* UI-417 */,
				47CC356C278D181D004DB861 /* UI-417Tests */,
				47CC3576278D181D004DB861 /* UI-417UITests */,
				47CC355A278D181C004DB861 /* Products */,
			);
			sourceTree = "<group>";
		};
		47CC355A278D181C004DB861 /* Products */ = {
			isa = PBXGroup;
			children = (
				47CC3559278D181C004DB861 /* UI-417.app */,
				47CC3569278D181D004DB861 /* UI-417Tests.xctest */,
				47CC3573278D181D004DB861 /* UI-417UITests.xctest */,
			);
			name = Products;
			sourceTree = "<group>";
		};
		47CC355B278D181C004DB861 /* UI-417 */ = {
			isa = PBXGroup;
			children = (
				47CC3588278D1829004DB861 /* Model */,
				47CC3587278D1823004DB861 /* ViewModel */,
				47CC3586278D1820004DB861 /* View */,
				47CC355C278D181C004DB861 /* UI_417App.swift */,
				47CC355E278D181C004DB861 /* ContentView.swift */,
				47CC3560278D181D004DB861 /* Assets.xcassets */,
				47CC3562278D181D004DB861 /* Preview Content */,
			);
			path = "UI-417";
			sourceTree = "<group>";
		};
		47CC3562278D181D004DB861 /* Preview Content */ = {
			isa = PBXGroup;
			children = (
				47CC3563278D181D004DB861 /* Preview Assets.xcassets */,
			);
			path = "Preview Content";
			sourceTree = "<group>";
		};
		47CC356C278D181D004DB861 /* UI-417Tests */ = {
			isa = PBXGroup;
			children = (
				47CC356D278D181D004DB861 /* UI_417Tests.swift */,
			);
			path = "UI-417Tests";
			sourceTree = "<group>";
		};
		47CC3576278D181D004DB861 /* UI-417UITests */ = {
			isa = PBXGroup;
			children = (
				47CC3577278D181D004DB861 /* UI_417UITests.swift */,
				47CC3579278D181D004DB861 /* UI_417UITestsLaunchTests.swift */,
			);
			path = "UI-417UITests";
			sourceTree = "<group>";
		};
		47CC3586278D1820004DB861 /* View */ = {
			isa = PBXGroup;
			children = (
				47CC358D278D1840004DB861 /* Home.swift */,
			);
			path = View;
			sourceTree = "<group>";
		};
		47CC3587278D1823004DB861 /* ViewModel */ = {
			isa = PBXGroup;
			children = (
				47CC358B278D183B004DB861 /* TaskViewModel.swift */,
			);
			path = ViewModel;
			sourceTree = "<group>";
		};
		47CC3588278D1829004DB861 /* Model */ = {
			isa = PBXGroup;
			children = (
				47CC3589278D1833004DB861 /* Task.swift */,
			);
			path = Model;
			sourceTree = "<group>";
		};
/* End PBXGroup section */

/* Begin PBXNativeTarget section */
		47CC3558278D181C004DB861 /* UI-417 */ = {
			isa = PBXNativeTarget;
			buildConfigurationList = 47CC357D278D181D004DB861 /* Build configuration list for PBXNativeTarget "UI-417" */;
			buildPhases = (
				47CC3555278D181C004DB861 /* Sources */,
				47CC3556278D181C004DB861 /* Frameworks */,
				47CC3557278D181C004DB861 /* Resources */,
			);
			buildRules = (
			);
			dependencies = (
			);
			name = "UI-417";
			productName = "UI-417";
			productReference = 47CC3559278D181C004DB861 /* UI-417.app */;
			productType = "com.apple.product-type.application";
		};
		47CC3568278D181D004DB861 /* UI-417Tests */ = {
			isa = PBXNativeTarget;
			buildConfigurationList = 47CC3580278D181D004DB861 /* Build configuration list for PBXNativeTarget "UI-417Tests" */;
			buildPhases = (
				47CC3565278D181D004DB861 /* Sources */,
				47CC3566278D181D004DB861 /* Frameworks */,
				47CC3567278D181D004DB861 /* Resources */,
			);
			buildRules = (
			);
			dependencies = (
				47CC356B278D181D004DB861 /* PBXTargetDependency */,
			);
			name = "UI-417Tests";
			productName = "UI-417Tests";
			productReference = 47CC3569278D181D004DB861 /* UI-417Tests.xctest */;
			productType = "com.apple.product-type.bundle.unit-test";
		};
		47CC3572278D181D004DB861 /* UI-417UITests */ = {
			isa = PBXNativeTarget;
			buildConfigurationList = 47CC3583278D181D004DB861 /* Build configuration list for PBXNativeTarget "UI-417UITests" */;
			buildPhases = (
				47CC356F278D181D004DB861 /* Sources */,
				47CC3570278D181D004DB861 /* Frameworks */,
				47CC3571278D181D004DB861 /* Resources */,
			);
			buildRules = (
			);
			dependencies = (
				47CC3575278D181D004DB861 /* PBXTargetDependency */,
			);
			name = "UI-417UITests";
			productName = "UI-417UITests";
			productReference = 47CC3573278D181D004DB861 /* UI-417UITests.xctest */;
			productType = "com.apple.product-type.bundle.ui-testing";
		};
/* End PBXNativeTarget section */

/* Begin PBXProject section */
		47CC3551278D181C004DB861 /* Project object */ = {
			isa = PBXProject;
			attributes = {
				BuildIndependentTargetsInParallel = 1;
				LastSwiftUpdateCheck = 1320;
				LastUpgradeCheck = 1320;
				TargetAttributes = {
					47CC3558278D181C004DB861 = {
						CreatedOnToolsVersion = 13.2.1;
					};
					47CC3568278D181D004DB861 = {
						CreatedOnToolsVersion = 13.2.1;
						TestTargetID = 47CC3558278D181C004DB861;
					};
					47CC3572278D181D004DB861 = {
						CreatedOnToolsVersion = 13.2.1;
						TestTargetID = 47CC3558278D181C004DB861;
					};
				};
			};
			buildConfigurationList = 47CC3554278D181C004DB861 /* Build configuration list for PBXProject "UI-417" */;
			compatibilityVersion = "Xcode 13.0";
			developmentRegion = en;
			hasScannedForEncodings = 0;
			knownRegions = (
				en,
				Base,
			);
			mainGroup = 47CC3550278D181C004DB861;
			productRefGroup = 47CC355A278D181C004DB861 /* Products */;
			projectDirPath = "";
			projectRoot = "";
			targets = (
				47CC3558278D181C004DB861 /* UI-417 */,
				47CC3568278D181D004DB861 /* UI-417Tests */,
				47CC3572278D181D004DB861 /* UI-417UITests */,
			);
		};
/* End PBXProject section */

/* Begin PBXResourcesBuildPhase section */
		47CC3557278D181C004DB861 /* Resources */ = {
			isa = PBXResourcesBuildPhase;
			buildActionMask = 2147483647;
			files = (
				47CC3564278D181D004DB861 /* Preview Assets.xcassets in Resources */,
				47CC3561278D181D004DB861 /* Assets.xcassets in Resources */,
			);
			runOnlyForDeploymentPostprocessing = 0;
		};
		47CC3567278D181D004DB861 /* Resources */ = {
			isa = PBXResourcesBuildPhase;
			buildActionMask = 2147483647;
			files = (
			);
			runOnlyForDeploymentPostprocessing = 0;
		};
		47CC3571278D181D004DB861 /* Resources */ = {
			isa = PBXResourcesBuildPhase;
			buildActionMask = 2147483647;
			files = (
			);
			runOnlyForDeploymentPostprocessing = 0;
		};
/* End PBXResourcesBuildPhase section */

/* Begin PBXSourcesBuildPhase section */
		47CC3555278D181C004DB861 /* Sources */ = {
			isa = PBXSourcesBuildPhase;
			buildActionMask = 2147483647;
			files = (
				47CC355F278D181C004DB861 /* ContentView.swift in Sources */,
				47CC358C278D183B004DB861 /* TaskViewModel.swift in Sources */,
				47CC358E278D1840004DB861 /* Home.swift in Sources */,
				47CC358A278D1833004DB861 /* Task.swift in Sources */,
				47CC355D278D181C004DB861 /* UI_417App.swift in Sources */,
			);
			runOnlyForDeploymentPostprocessing = 0;
		};
		47CC3565278D181D004DB861 /* Sources */ = {
			isa = PBXSourcesBuildPhase;
			buildActionMask = 2147483647;
			files = (
				47CC356E278D181D004DB861 /* UI_417Tests.swift in Sources */,
			);
			runOnlyForDeploymentPostprocessing = 0;
		};
		47CC356F278D181D004DB861 /* Sources */ = {
			isa = PBXSourcesBuildPhase;
			buildActionMask = 2147483647;
			files = (
				47CC3578278D181D004DB861 /* UI_417UITests.swift in Sources */,
				47CC357A278D181D004DB861 /* UI_417UITestsLaunchTests.swift in Sources */,
			);
			runOnlyForDeploymentPostprocessing = 0;
		};
/* End PBXSourcesBuildPhase section */

/* Begin PBXTargetDependency section */
		47CC356B278D181D004DB861 /* PBXTargetDependency */ = {
			isa = PBXTargetDependency;
			target = 47CC3558278D181C004DB861 /* UI-417 */;
			targetProxy = 47CC356A278D181D004DB861 /* PBXContainerItemProxy */;
		};
		47CC3575278D181D004DB861 /* PBXTargetDependency */ = {
			isa = PBXTargetDependency;
			target = 47CC3558278D181C004DB861 /* UI-417 */;
			targetProxy = 47CC3574278D181D004DB861 /* PBXContainerItemProxy */;
		};
/* End PBXTargetDependency section */

/* Begin XCBuildConfiguration section */
		47CC357B278D181D004DB861 /* Debug */ = {
			isa = XCBuildConfiguration;
			buildSettings = {
				ALWAYS_SEARCH_USER_PATHS = NO;
				CLANG_ANALYZER_NONNULL = YES;
				CLANG_ANALYZER_NUMBER_OBJECT_CONVERSION = YES_AGGRESSIVE;
				CLANG_CXX_LANGUAGE_STANDARD = "gnu++17";
				CLANG_CXX_LIBRARY = "libc++";
				CLANG_ENABLE_MODULES = YES;
				CLANG_ENABLE_OBJC_ARC = YES;
				CLANG_ENABLE_OBJC_WEAK = YES;
				CLANG_WARN_BLOCK_CAPTURE_AUTORELEASING = YES;
				CLANG_WARN_BOOL_CONVERSION = YES;
				CLANG_WARN_COMMA = YES;
				CLANG_WARN_CONSTANT_CONVERSION = YES;
				CLANG_WARN_DEPRECATED_OBJC_IMPLEMENTATIONS = YES;
				CLANG_WARN_DIRECT_OBJC_ISA_USAGE = YES_ERROR;
				CLANG_WARN_DOCUMENTATION_COMMENTS = YES;
				CLANG_WARN_EMPTY_BODY = YES;
				CLANG_WARN_ENUM_CONVERSION = YES;
				CLANG_WARN_INFINITE_RECURSION = YES;
				CLANG_WARN_INT_CONVERSION = YES;
				CLANG_WARN_NON_LITERAL_NULL_CONVERSION = YES;
				CLANG_WARN_OBJC_IMPLICIT_RETAIN_SELF = YES;
				CLANG_WARN_OBJC_LITERAL_CONVERSION = YES;
				CLANG_WARN_OBJC_ROOT_CLASS = YES_ERROR;
				CLANG_WARN_QUOTED_INCLUDE_IN_FRAMEWORK_HEADER = YES;
				CLANG_WARN_RANGE_LOOP_ANALYSIS = YES;
				CLANG_WARN_STRICT_PROTOTYPES = YES;
				CLANG_WARN_SUSPICIOUS_MOVE = YES;
				CLANG_WARN_UNGUARDED_AVAILABILITY = YES_AGGRESSIVE;
				CLANG_WARN_UNREACHABLE_CODE = YES;
				CLANG_WARN__DUPLICATE_METHOD_MATCH = YES;
				COPY_PHASE_STRIP = NO;
				DEBUG_INFORMATION_FORMAT = dwarf;
				ENABLE_STRICT_OBJC_MSGSEND = YES;
				ENABLE_TESTABILITY = YES;
				GCC_C_LANGUAGE_STANDARD = gnu11;
				GCC_DYNAMIC_NO_PIC = NO;
				GCC_NO_COMMON_BLOCKS = YES;
				GCC_OPTIMIZATION_LEVEL = 0;
				GCC_PREPROCESSOR_DEFINITIONS = (
					"DEBUG=1",
					"$(inherited)",
				);
				GCC_WARN_64_TO_32_BIT_CONVERSION = YES;
				GCC_WARN_ABOUT_RETURN_TYPE = YES_ERROR;
				GCC_WARN_UNDECLARED_SELECTOR = YES;
				GCC_WARN_UNINITIALIZED_AUTOS = YES_AGGRESSIVE;
				GCC_WARN_UNUSED_FUNCTION = YES;
				GCC_WARN_UNUSED_VARIABLE = YES;
				IPHONEOS_DEPLOYMENT_TARGET = 15.2;
				MTL_ENABLE_DEBUG_INFO = INCLUDE_SOURCE;
				MTL_FAST_MATH = YES;
				ONLY_ACTIVE_ARCH = YES;
				SDKROOT = iphoneos;
				SWIFT_ACTIVE_COMPILATION_CONDITIONS = DEBUG;
				SWIFT_OPTIMIZATION_LEVEL = "-Onone";
			};
			name = Debug;
		};
		47CC357C278D181D004DB861 /* Release */ = {
			isa = XCBuildConfiguration;
			buildSettings = {
				ALWAYS_SEARCH_USER_PATHS = NO;
				CLANG_ANALYZER_NONNULL = YES;
				CLANG_ANALYZER_NUMBER_OBJECT_CONVERSION = YES_AGGRESSIVE;
				CLANG_CXX_LANGUAGE_STANDARD = "gnu++17";
				CLANG_CXX_LIBRARY = "libc++";
				CLANG_ENABLE_MODULES = YES;
				CLANG_ENABLE_OBJC_ARC = YES;
				CLANG_ENABLE_OBJC_WEAK = YES;
				CLANG_WARN_BLOCK_CAPTURE_AUTORELEASING = YES;
				CLANG_WARN_BOOL_CONVERSION = YES;
				CLANG_WARN_COMMA = YES;
				CLANG_WARN_CONSTANT_CONVERSION = YES;
				CLANG_WARN_DEPRECATED_OBJC_IMPLEMENTATIONS = YES;
				CLANG_WARN_DIRECT_OBJC_ISA_USAGE = YES_ERROR;
				CLANG_WARN_DOCUMENTATION_COMMENTS = YES;
				CLANG_WARN_EMPTY_BODY = YES;
				CLANG_WARN_ENUM_CONVERSION = YES;
				CLANG_WARN_INFINITE_RECURSION = YES;
				CLANG_WARN_INT_CONVERSION = YES;
				CLANG_WARN_NON_LITERAL_NULL_CONVERSION = YES;
				CLANG_WARN_OBJC_IMPLICIT_RETAIN_SELF = YES;
				CLANG_WARN_OBJC_LITERAL_CONVERSION = YES;
				CLANG_WARN_OBJC_ROOT_CLASS = YES_ERROR;
				CLANG_WARN_QUOTED_INCLUDE_IN_FRAMEWORK_HEADER = YES;
				CLANG_WARN_RANGE_LOOP_ANALYSIS = YES;
				CLANG_WARN_STRICT_PROTOTYPES = YES;
				CLANG_WARN_SUSPICIOUS_MOVE = YES;
				CLANG_WARN_UNGUARDED_AVAILABILITY = YES_AGGRESSIVE;
				CLANG_WARN_UNREACHABLE_CODE = YES;
				CLANG_WARN__DUPLICATE_METHOD_MATCH = YES;
				COPY_PHASE_STRIP = NO;
				DEBUG_INFORMATION_FORMAT = "dwarf-with-dsym";
				ENABLE_NS_ASSERTIONS = NO;
				ENABLE_STRICT_OBJC_MSGSEND = YES;
				GCC_C_LANGUAGE_STANDARD = gnu11;
				GCC_NO_COMMON_BLOCKS = YES;
				GCC_WARN_64_TO_32_BIT_CONVERSION = YES;
				GCC_WARN_ABOUT_RETURN_TYPE = YES_ERROR;
				GCC_WARN_UNDECLARED_SELECTOR = YES;
				GCC_WARN_UNINITIALIZED_AUTOS = YES_AGGRESSIVE;
				GCC_WARN_UNUSED_FUNCTION = YES;
				GCC_WARN_UNUSED_VARIABLE = YES;
				IPHONEOS_DEPLOYMENT_TARGET = 15.2;
				MTL_ENABLE_DEBUG_INFO = NO;
				MTL_FAST_MATH = YES;
				SDKROOT = iphoneos;
				SWIFT_COMPILATION_MODE = wholemodule;
				SWIFT_OPTIMIZATION_LEVEL = "-O";
				VALIDATE_PRODUCT = YES;
			};
			name = Release;
		};
		47CC357E278D181D004DB861 /* Debug */ = {
			isa = XCBuildConfiguration;
			buildSettings = {
				ASSETCATALOG_COMPILER_APPICON_NAME = AppIcon;
				ASSETCATALOG_COMPILER_GLOBAL_ACCENT_COLOR_NAME = AccentColor;
				CODE_SIGN_STYLE = Automatic;
				CURRENT_PROJECT_VERSION = 1;
				DEVELOPMENT_ASSET_PATHS = "\"UI-417/Preview Content\"";
				DEVELOPMENT_TEAM = 8CL4U468K5;
				ENABLE_PREVIEWS = YES;
				GENERATE_INFOPLIST_FILE = YES;
				INFOPLIST_KEY_UIApplicationSceneManifest_Generation = YES;
				INFOPLIST_KEY_UIApplicationSupportsIndirectInputEvents = YES;
				INFOPLIST_KEY_UILaunchScreen_Generation = YES;
				INFOPLIST_KEY_UISupportedInterfaceOrientations_iPad = "UIInterfaceOrientationPortrait UIInterfaceOrientationPortraitUpsideDown UIInterfaceOrientationLandscapeLeft UIInterfaceOrientationLandscapeRight";
				INFOPLIST_KEY_UISupportedInterfaceOrientations_iPhone = "UIInterfaceOrientationPortrait UIInterfaceOrientationLandscapeLeft UIInterfaceOrientationLandscapeRight";
				LD_RUNPATH_SEARCH_PATHS = (
					"$(inherited)",
					"@executable_path/Frameworks",
				);
				MARKETING_VERSION = 1.0;
				PRODUCT_BUNDLE_IDENTIFIER = "com.585.UI-417";
				PRODUCT_NAME = "$(TARGET_NAME)";
				SWIFT_EMIT_LOC_STRINGS = YES;
				SWIFT_VERSION = 5.0;
				TARGETED_DEVICE_FAMILY = "1,2";
			};
			name = Debug;
		};
		47CC357F278D181D004DB861 /* Release */ = {
			isa = XCBuildConfiguration;
			buildSettings = {
				ASSETCATALOG_COMPILER_APPICON_NAME = AppIcon;
				ASSETCATALOG_COMPILER_GLOBAL_ACCENT_COLOR_NAME = AccentColor;
				CODE_SIGN_STYLE = Automatic;
				CURRENT_PROJECT_VERSION = 1;
				DEVELOPMENT_ASSET_PATHS = "\"UI-417/Preview Content\"";
				DEVELOPMENT_TEAM = 8CL4U468K5;
				ENABLE_PREVIEWS = YES;
				GENERATE_INFOPLIST_FILE = YES;
				INFOPLIST_KEY_UIApplicationSceneManifest_Generation = YES;
				INFOPLIST_KEY_UIApplicationSupportsIndirectInputEvents = YES;
				INFOPLIST_KEY_UILaunchScreen_Generation = YES;
				INFOPLIST_KEY_UISupportedInterfaceOrientations_iPad = "UIInterfaceOrientationPortrait UIInterfaceOrientationPortraitUpsideDown UIInterfaceOrientationLandscapeLeft UIInterfaceOrientationLandscapeRight";
				INFOPLIST_KEY_UISupportedInterfaceOrientations_iPhone = "UIInterfaceOrientationPortrait UIInterfaceOrientationLandscapeLeft UIInterfaceOrientationLandscapeRight";
				LD_RUNPATH_SEARCH_PATHS = (
					"$(inherited)",
					"@executable_path/Frameworks",
				);
				MARKETING_VERSION = 1.0;
				PRODUCT_BUNDLE_IDENTIFIER = "com.585.UI-417";
				PRODUCT_NAME = "$(TARGET_NAME)";
				SWIFT_EMIT_LOC_STRINGS = YES;
				SWIFT_VERSION = 5.0;
				TARGETED_DEVICE_FAMILY = "1,2";
			};
			name = Release;
		};
		47CC3581278D181D004DB861 /* Debug */ = {
			isa = XCBuildConfiguration;
			buildSettings = {
				ALWAYS_EMBED_SWIFT_STANDARD_LIBRARIES = YES;
				BUNDLE_LOADER = "$(TEST_HOST)";
				CODE_SIGN_STYLE = Automatic;
				CURRENT_PROJECT_VERSION = 1;
				DEVELOPMENT_TEAM = 8CL4U468K5;
				GENERATE_INFOPLIST_FILE = YES;
				IPHONEOS_DEPLOYMENT_TARGET = 15.2;
				MARKETING_VERSION = 1.0;
				PRODUCT_BUNDLE_IDENTIFIER = "com.585.UI-417Tests";
				PRODUCT_NAME = "$(TARGET_NAME)";
				SWIFT_EMIT_LOC_STRINGS = NO;
				SWIFT_VERSION = 5.0;
				TARGETED_DEVICE_FAMILY = "1,2";
				TEST_HOST = "$(BUILT_PRODUCTS_DIR)/UI-417.app/UI-417";
			};
			name = Debug;
		};
		47CC3582278D181D004DB861 /* Release */ = {
			isa = XCBuildConfiguration;
			buildSettings = {
				ALWAYS_EMBED_SWIFT_STANDARD_LIBRARIES = YES;
				BUNDLE_LOADER = "$(TEST_HOST)";
				CODE_SIGN_STYLE = Automatic;
				CURRENT_PROJECT_VERSION = 1;
				DEVELOPMENT_TEAM = 8CL4U468K5;
				GENERATE_INFOPLIST_FILE = YES;
				IPHONEOS_DEPLOYMENT_TARGET = 15.2;
				MARKETING_VERSION = 1.0;
				PRODUCT_BUNDLE_IDENTIFIER = "com.585.UI-417Tests";
				PRODUCT_NAME = "$(TARGET_NAME)";
				SWIFT_EMIT_LOC_STRINGS = NO;
				SWIFT_VERSION = 5.0;
				TARGETED_DEVICE_FAMILY = "1,2";
				TEST_HOST = "$(BUILT_PRODUCTS_DIR)/UI-417.app/UI-417";
			};
			name = Release;
		};
		47CC3584278D181D004DB861 /* Debug */ = {
			isa = XCBuildConfiguration;
			buildSettings = {
				ALWAYS_EMBED_SWIFT_STANDARD_LIBRARIES = YES;
				CODE_SIGN_STYLE = Automatic;
				CURRENT_PROJECT_VERSION = 1;
				DEVELOPMENT_TEAM = 8CL4U468K5;
				GENERATE_INFOPLIST_FILE = YES;
				MARKETING_VERSION = 1.0;
				PRODUCT_BUNDLE_IDENTIFIER = "com.585.UI-417UITests";
				PRODUCT_NAME = "$(TARGET_NAME)";
				SWIFT_EMIT_LOC_STRINGS = NO;
				SWIFT_VERSION = 5.0;
				TARGETED_DEVICE_FAMILY = "1,2";
				TEST_TARGET_NAME = "UI-417";
			};
			name = Debug;
		};
		47CC3585278D181D004DB861 /* Release */ = {
			isa = XCBuildConfiguration;
			buildSettings = {
				ALWAYS_EMBED_SWIFT_STANDARD_LIBRARIES = YES;
				CODE_SIGN_STYLE = Automatic;
				CURRENT_PROJECT_VERSION = 1;
				DEVELOPMENT_TEAM = 8CL4U468K5;
				GENERATE_INFOPLIST_FILE = YES;
				MARKETING_VERSION = 1.0;
				PRODUCT_BUNDLE_IDENTIFIER = "com.585.UI-417UITests";
				PRODUCT_NAME = "$(TARGET_NAME)";
				SWIFT_EMIT_LOC_STRINGS = NO;
				SWIFT_VERSION = 5.0;
				TARGETED_DEVICE_FAMILY = "1,2";
				TEST_TARGET_NAME = "UI-417";
			};
			name = Release;
		};
/* End XCBuildConfiguration section */

/* Begin XCConfigurationList section */
		47CC3554278D181C004DB861 /* Build configuration list for PBXProject "UI-417" */ = {
			isa = XCConfigurationList;
			buildConfigurations = (
				47CC357B278D181D004DB861 /* Debug */,
				47CC357C278D181D004DB861 /* Release */,
			);
			defaultConfigurationIsVisible = 0;
			defaultConfigurationName = Release;
		};
		47CC357D278D181D004DB861 /* Build configuration list for PBXNativeTarget "UI-417" */ = {
			isa = XCConfigurationList;
			buildConfigurations = (
				47CC357E278D181D004DB861 /* Debug */,
				47CC357F278D181D004DB861 /* Release */,
			);
			defaultConfigurationIsVisible = 0;
			defaultConfigurationName = Release;
		};
		47CC3580278D181D004DB861 /* Build configuration list for PBXNativeTarget "UI-417Tests" */ = {
			isa = XCConfigurationList;
			buildConfigurations = (
				47CC3581278D181D004DB861 /* Debug */,
				47CC3582278D181D004DB861 /* Release */,
			);
			defaultConfigurationIsVisible = 0;
			defaultConfigurationName = Release;
		};
		47CC3583278D181D004DB861 /* Build configuration list for PBXNativeTarget "UI-417UITests" */ = {
			isa = XCConfigurationList;
			buildConfigurations = (
				47CC3584278D181D004DB861 /* Debug */,
				47CC3585278D181D004DB861 /* Release */,
			);
			defaultConfigurationIsVisible = 0;
			defaultConfigurationName = Release;
		};
/* End XCConfigurationList section */
	};
	rootObject = 47CC3551278D181C004DB861 /* Project object */;
}
